
Microsoft Visual Studio Solution File, Format Version 12.00
# Visual Studio Version 16
VisualStudioVersion = 16.0.30907.101
MinimumVisualStudioVersion = 10.0.40219.1
Project("{7CF6DF6D-3B04-46F8-A40B-537D21BCA0B4}") = "SampSharp.Documentation", "SampSharp.Documentation.shfbproj", "{583D34C5-10C3-4687-9612-96C673E19173}"
EndProject
Global
	GlobalSection(SolutionConfigurationPlatforms) = preSolution
		Debug|Any CPU = Debug|Any CPU
		Release|Any CPU = Release|Any CPU
	EndGlobalSection
	GlobalSection(ProjectConfigurationPlatforms) = postSolution
		{583D34C5-10C3-4687-9612-96C673E19173}.Debug|Any CPU.ActiveCfg = Debug|Any CPU
		{583D34C5-10C3-4687-9612-96C673E19173}.Debug|Any CPU.Build.0 = Debug|Any CPU
		{583D34C5-10C3-4687-9612-96C673E19173}.Release|Any CPU.ActiveCfg = Release|Any CPU
		{583D34C5-10C3-4687-9612-96C673E19173}.Release|Any CPU.Build.0 = Release|Any CPU
	EndGlobalSection
	GlobalSection(SolutionProperties) = preSolution
		HideSolutionNode = FALSE
	EndGlobalSection
	GlobalSection(ExtensibilityGlobals) = postSolution
		SolutionGuid = {C6F0299F-FEC4-40DE-AC83-AB482C4E267E}
	EndGlobalSection
EndGlobal
