
Microsoft Visual Studio Solution File, Format Version 12.00
# Visual Studio 15
VisualStudioVersion = 15.0.26403.7
MinimumVisualStudioVersion = 10.0.40219.1
Project("{8BC9CEB8-8B4A-11D0-8D11-00A0C91BC942}") = "SampSharp", "src\SampSharp\SampSharp.vcxproj", "{39908193-8E5A-42EC-B71B-5D457CE87823}"
EndProject
Project("{FAE04EC0-301F-11D3-BF4B-00C04F79EFBC}") = "TestMode", "src\TestMode\TestMode.csproj", "{D5E69763-0993-45C1-88F2-8B3A1FE97CCC}"
EndProject
Project("{FAE04EC0-301F-11D3-BF4B-00C04F79EFBC}") = "SampSharp.Core", "src\SampSharp.Core\SampSharp.Core.csproj", "{7B9345A8-80F3-43E3-B3E1-B3E3B45B8B0F}"
EndProject
Project("{FAE04EC0-301F-11D3-BF4B-00C04F79EFBC}") = "SampSharp.GameMode", "src\SampSharp.GameMode\SampSharp.GameMode.csproj", "{153D7525-B36F-4DB9-B5B6-483915C84A7E}"
EndProject
Project("{FAE04EC0-301F-11D3-BF4B-00C04F79EFBC}") = "TestMode.DotNetCore", "TestMode.DotNetCore\TestMode.DotNetCore.csproj", "{D903A0E4-7732-433C-B154-65718C3FFE67}"
EndProject
Global
	GlobalSection(SolutionConfigurationPlatforms) = preSolution
		Debug|Any CPU = Debug|Any CPU
		Debug|Mixed Platforms = Debug|Mixed Platforms
		Debug|Win32 = Debug|Win32
		Release|Any CPU = Release|Any CPU
		Release|Mixed Platforms = Release|Mixed Platforms
		Release|Win32 = Release|Win32
	EndGlobalSection
	GlobalSection(ProjectConfigurationPlatforms) = postSolution
		{39908193-8E5A-42EC-B71B-5D457CE87823}.Debug|Any CPU.ActiveCfg = Debug|Win32
		{39908193-8E5A-42EC-B71B-5D457CE87823}.Debug|Any CPU.Build.0 = Debug|Win32
		{39908193-8E5A-42EC-B71B-5D457CE87823}.Debug|Mixed Platforms.ActiveCfg = Debug|Win32
		{39908193-8E5A-42EC-B71B-5D457CE87823}.Debug|Mixed Platforms.Build.0 = Debug|Win32
		{39908193-8E5A-42EC-B71B-5D457CE87823}.Debug|Win32.ActiveCfg = Debug|Win32
		{39908193-8E5A-42EC-B71B-5D457CE87823}.Debug|Win32.Build.0 = Debug|Win32
		{39908193-8E5A-42EC-B71B-5D457CE87823}.Release|Any CPU.ActiveCfg = Release|Win32
		{39908193-8E5A-42EC-B71B-5D457CE87823}.Release|Mixed Platforms.ActiveCfg = Release|Win32
		{39908193-8E5A-42EC-B71B-5D457CE87823}.Release|Mixed Platforms.Build.0 = Release|Win32
		{39908193-8E5A-42EC-B71B-5D457CE87823}.Release|Win32.ActiveCfg = Release|Win32
		{39908193-8E5A-42EC-B71B-5D457CE87823}.Release|Win32.Build.0 = Release|Win32
		{D5E69763-0993-45C1-88F2-8B3A1FE97CCC}.Debug|Any CPU.ActiveCfg = Debug|Any CPU
		{D5E69763-0993-45C1-88F2-8B3A1FE97CCC}.Debug|Any CPU.Build.0 = Debug|Any CPU
		{D5E69763-0993-45C1-88F2-8B3A1FE97CCC}.Debug|Mixed Platforms.ActiveCfg = Debug|Any CPU
		{D5E69763-0993-45C1-88F2-8B3A1FE97CCC}.Debug|Mixed Platforms.Build.0 = Debug|Any CPU
		{D5E69763-0993-45C1-88F2-8B3A1FE97CCC}.Debug|Win32.ActiveCfg = Debug|Any CPU
		{D5E69763-0993-45C1-88F2-8B3A1FE97CCC}.Debug|Win32.Build.0 = Debug|Any CPU
		{D5E69763-0993-45C1-88F2-8B3A1FE97CCC}.Release|Any CPU.ActiveCfg = Release|Any CPU
		{D5E69763-0993-45C1-88F2-8B3A1FE97CCC}.Release|Any CPU.Build.0 = Release|Any CPU
		{D5E69763-0993-45C1-88F2-8B3A1FE97CCC}.Release|Mixed Platforms.ActiveCfg = Release|Any CPU
		{D5E69763-0993-45C1-88F2-8B3A1FE97CCC}.Release|Mixed Platforms.Build.0 = Release|Any CPU
		{D5E69763-0993-45C1-88F2-8B3A1FE97CCC}.Release|Win32.ActiveCfg = Release|Any CPU
		{D5E69763-0993-45C1-88F2-8B3A1FE97CCC}.Release|Win32.Build.0 = Release|Any CPU
		{7B9345A8-80F3-43E3-B3E1-B3E3B45B8B0F}.Debug|Any CPU.ActiveCfg = Debug|Any CPU
		{7B9345A8-80F3-43E3-B3E1-B3E3B45B8B0F}.Debug|Any CPU.Build.0 = Debug|Any CPU
		{7B9345A8-80F3-43E3-B3E1-B3E3B45B8B0F}.Debug|Mixed Platforms.ActiveCfg = Debug|Any CPU
		{7B9345A8-80F3-43E3-B3E1-B3E3B45B8B0F}.Debug|Mixed Platforms.Build.0 = Debug|Any CPU
		{7B9345A8-80F3-43E3-B3E1-B3E3B45B8B0F}.Debug|Win32.ActiveCfg = Debug|Any CPU
		{7B9345A8-80F3-43E3-B3E1-B3E3B45B8B0F}.Debug|Win32.Build.0 = Debug|Any CPU
		{7B9345A8-80F3-43E3-B3E1-B3E3B45B8B0F}.Release|Any CPU.ActiveCfg = Release|Any CPU
		{7B9345A8-80F3-43E3-B3E1-B3E3B45B8B0F}.Release|Any CPU.Build.0 = Release|Any CPU
		{7B9345A8-80F3-43E3-B3E1-B3E3B45B8B0F}.Release|Mixed Platforms.ActiveCfg = Release|Any CPU
		{7B9345A8-80F3-43E3-B3E1-B3E3B45B8B0F}.Release|Mixed Platforms.Build.0 = Release|Any CPU
		{7B9345A8-80F3-43E3-B3E1-B3E3B45B8B0F}.Release|Win32.ActiveCfg = Release|Any CPU
		{7B9345A8-80F3-43E3-B3E1-B3E3B45B8B0F}.Release|Win32.Build.0 = Release|Any CPU
		{153D7525-B36F-4DB9-B5B6-483915C84A7E}.Debug|Any CPU.ActiveCfg = Debug|Any CPU
		{153D7525-B36F-4DB9-B5B6-483915C84A7E}.Debug|Any CPU.Build.0 = Debug|Any CPU
		{153D7525-B36F-4DB9-B5B6-483915C84A7E}.Debug|Mixed Platforms.ActiveCfg = Debug|Any CPU
		{153D7525-B36F-4DB9-B5B6-483915C84A7E}.Debug|Mixed Platforms.Build.0 = Debug|Any CPU
		{153D7525-B36F-4DB9-B5B6-483915C84A7E}.Debug|Win32.ActiveCfg = Debug|Any CPU
		{153D7525-B36F-4DB9-B5B6-483915C84A7E}.Debug|Win32.Build.0 = Debug|Any CPU
		{153D7525-B36F-4DB9-B5B6-483915C84A7E}.Release|Any CPU.ActiveCfg = Release|Any CPU
		{153D7525-B36F-4DB9-B5B6-483915C84A7E}.Release|Any CPU.Build.0 = Release|Any CPU
		{153D7525-B36F-4DB9-B5B6-483915C84A7E}.Release|Mixed Platforms.ActiveCfg = Release|Any CPU
		{153D7525-B36F-4DB9-B5B6-483915C84A7E}.Release|Mixed Platforms.Build.0 = Release|Any CPU
		{153D7525-B36F-4DB9-B5B6-483915C84A7E}.Release|Win32.ActiveCfg = Release|Any CPU
		{153D7525-B36F-4DB9-B5B6-483915C84A7E}.Release|Win32.Build.0 = Release|Any CPU
		{D903A0E4-7732-433C-B154-65718C3FFE67}.Debug|Any CPU.ActiveCfg = Debug|Any CPU
		{D903A0E4-7732-433C-B154-65718C3FFE67}.Debug|Any CPU.Build.0 = Debug|Any CPU
		{D903A0E4-7732-433C-B154-65718C3FFE67}.Debug|Mixed Platforms.ActiveCfg = Debug|Any CPU
		{D903A0E4-7732-433C-B154-65718C3FFE67}.Debug|Mixed Platforms.Build.0 = Debug|Any CPU
		{D903A0E4-7732-433C-B154-65718C3FFE67}.Debug|Win32.ActiveCfg = Debug|Any CPU
		{D903A0E4-7732-433C-B154-65718C3FFE67}.Debug|Win32.Build.0 = Debug|Any CPU
		{D903A0E4-7732-433C-B154-65718C3FFE67}.Release|Any CPU.ActiveCfg = Release|Any CPU
		{D903A0E4-7732-433C-B154-65718C3FFE67}.Release|Any CPU.Build.0 = Release|Any CPU
		{D903A0E4-7732-433C-B154-65718C3FFE67}.Release|Mixed Platforms.ActiveCfg = Release|Any CPU
		{D903A0E4-7732-433C-B154-65718C3FFE67}.Release|Mixed Platforms.Build.0 = Release|Any CPU
		{D903A0E4-7732-433C-B154-65718C3FFE67}.Release|Win32.ActiveCfg = Release|Any CPU
		{D903A0E4-7732-433C-B154-65718C3FFE67}.Release|Win32.Build.0 = Release|Any CPU
	EndGlobalSection
	GlobalSection(SolutionProperties) = preSolution
		HideSolutionNode = FALSE
	EndGlobalSection
EndGlobal
