<?xml version="1.0" encoding="utf-8"?>
<Project ToolsVersion="4.0" xmlns="http://schemas.microsoft.com/developer/msbuild/2003">
  <ItemGroup>
    <Filter Include="Source Files">
      <UniqueIdentifier>{4FC737F1-C7A5-4376-A066-2A32D752A2FF}</UniqueIdentifier>
      <Extensions>cpp;c;cc;cxx;def;odl;idl;hpj;bat;asm;asmx</Extensions>
    </Filter>
    <Filter Include="Header Files">
      <UniqueIdentifier>{93995380-89BD-4b04-88EB-625FBE52EBFB}</UniqueIdentifier>
      <Extensions>h;hpp;hxx;hm;inl;inc;xsd</Extensions>
    </Filter>
    <Filter Include="Source Files\deps">
      <UniqueIdentifier>{42e6ff68-9725-46d0-a1e1-a9291f773ed9}</UniqueIdentifier>
    </Filter>
  </ItemGroup>
  <ItemGroup>
    <ClCompile Include="main.cpp">
      <Filter>Source Files</Filter>
    </ClCompile>
    <ClCompile Include="logging.cpp">
      <Filter>Source Files</Filter>
    </ClCompile>
    <ClCompile Include="testing.cpp">
      <Filter>Source Files</Filter>
    </ClCompile>
    <ClCompile Include="interop.cpp">
      <Filter>Source Files</Filter>
    </ClCompile>
    <ClCompile Include="coreclr_app.cpp">
      <Filter>Source Files</Filter>
    </ClCompile>
    <ClCompile Include="locator.cpp">
      <Filter>Source Files</Filter>
    </ClCompile>
    <ClCompile Include="config_cfg.cpp">
      <Filter>Source Files</Filter>
    </ClCompile>
    <ClCompile Include="nethost_coreclr.cpp">
      <Filter>Source Files</Filter>
    </ClCompile>
    <ClCompile Include="includes\sdk\amxplugin.cpp">
      <Filter>Source Files\deps</Filter>
    </ClCompile>
    <ClCompile Include="includes\sampgdk\sampgdk.c">
      <Filter>Source Files\deps</Filter>
    </ClCompile>
    <ClCompile Include="strutil.cpp">
      <Filter>Source Files</Filter>
    </ClCompile>
    <ClCompile Include="config_win.cpp">
      <Filter>Source Files</Filter>
    </ClCompile>
    <ClCompile Include="config.cpp">
      <Filter>Source Files</Filter>
    </ClCompile>
  </ItemGroup>
  <ItemGroup>
    <ClInclude Include="strutil.h">
      <Filter>Header Files</Filter>
    </ClInclude>
    <ClInclude Include="platforms.h">
      <Filter>Header Files</Filter>
    </ClInclude>
    <ClInclude Include="version.h">
      <Filter>Header Files</Filter>
    </ClInclude>
    <ClInclude Include="logging.h">
      <Filter>Header Files</Filter>
    </ClInclude>
    <ClInclude Include="testing.h">
      <Filter>Header Files</Filter>
    </ClInclude>
    <ClInclude Include="interop.h">
      <Filter>Header Files</Filter>
    </ClInclude>
    <ClInclude Include="coreclr_app.h">
      <Filter>Header Files</Filter>
    </ClInclude>
    <ClInclude Include="locator.h">
      <Filter>Header Files</Filter>
    </ClInclude>
    <ClInclude Include="config.h">
      <Filter>Header Files</Filter>
    </ClInclude>
    <ClInclude Include="config_cfg.h">
      <Filter>Header Files</Filter>
    </ClInclude>
    <ClInclude Include="nethost.h">
      <Filter>Header Files</Filter>
    </ClInclude>
    <ClInclude Include="nethost_coreclr.h">
      <Filter>Header Files</Filter>
    </ClInclude>
    <ClInclude Include="config_win.h">
      <Filter>Header Files</Filter>
    </ClInclude>
  </ItemGroup>
  <ItemGroup>
    <None Include="SampSharp.def">
      <Filter>Source Files</Filter>
    </None>
  </ItemGroup>
</Project>