
Microsoft Visual Studio Solution File, Format Version 12.00
# Visual Studio 2013
VisualStudioVersion = 12.0.31101.0
MinimumVisualStudioVersion = 10.0.40219.1
Project("{8BC9CEB8-8B4A-11D0-8D11-00A0C91BC942}") = "SampSharp", "SampSharp\SampSharp.vcxproj", "{39908193-8E5A-42EC-B71B-5D457CE87823}"
EndProject
Project("{FAE04EC0-301F-11D3-BF4B-00C04F79EFBC}") = "SampSharp.GameMode", "SampSharp.GameMode\SampSharp.GameMode.csproj", "{CCFB350D-BD04-41AB-A9F8-79767E94727E}"
EndProject
Project("{FAE04EC0-301F-11D3-BF4B-00C04F79EFBC}") = "TestMode", "TestMode\TestMode.csproj", "{D5E69763-0993-45C1-88F2-8B3A1FE97CCC}"
	ProjectSection(ProjectDependencies) = postProject
		{39908193-8E5A-42EC-B71B-5D457CE87823} = {39908193-8E5A-42EC-B71B-5D457CE87823}
	EndProjectSection
EndProject
Project("{2150E333-8FDC-42A3-9474-1A3956D46DE8}") = "Core", "Core", "{685A353F-FB6A-4D33-80EA-D57F0AA6D703}"
EndProject
Project("{2150E333-8FDC-42A3-9474-1A3956D46DE8}") = "Testing", "Testing", "{666B51C5-EA54-4BF0-962E-73DD954D3FD8}"
EndProject
Project("{FAE04EC0-301F-11D3-BF4B-00C04F79EFBC}") = "BenchmarkMode", "BenchmarkMode\BenchmarkMode.csproj", "{85511133-0FA6-4669-8B67-2920E8DA8F79}"
EndProject
Project("{FAE04EC0-301F-11D3-BF4B-00C04F79EFBC}") = "NHibernateTest", "NHibernateTest\NHibernateTest.csproj", "{CBDFB3B3-AC12-4F21-A059-4768044A24D1}"
EndProject
Global
	GlobalSection(SolutionConfigurationPlatforms) = preSolution
		Debug|Any CPU = Debug|Any CPU
		Debug|Mixed Platforms = Debug|Mixed Platforms
		Debug|Win32 = Debug|Win32
		Release|Any CPU = Release|Any CPU
		Release|Mixed Platforms = Release|Mixed Platforms
		Release|Win32 = Release|Win32
	EndGlobalSection
	GlobalSection(ProjectConfigurationPlatforms) = postSolution
		{39908193-8E5A-42EC-B71B-5D457CE87823}.Debug|Any CPU.ActiveCfg = Debug|Win32
		{39908193-8E5A-42EC-B71B-5D457CE87823}.Debug|Mixed Platforms.ActiveCfg = Debug|Win32
		{39908193-8E5A-42EC-B71B-5D457CE87823}.Debug|Mixed Platforms.Build.0 = Debug|Win32
		{39908193-8E5A-42EC-B71B-5D457CE87823}.Debug|Win32.ActiveCfg = Debug|Win32
		{39908193-8E5A-42EC-B71B-5D457CE87823}.Debug|Win32.Build.0 = Debug|Win32
		{39908193-8E5A-42EC-B71B-5D457CE87823}.Release|Any CPU.ActiveCfg = Release|Win32
		{39908193-8E5A-42EC-B71B-5D457CE87823}.Release|Mixed Platforms.ActiveCfg = Release|Win32
		{39908193-8E5A-42EC-B71B-5D457CE87823}.Release|Mixed Platforms.Build.0 = Release|Win32
		{39908193-8E5A-42EC-B71B-5D457CE87823}.Release|Win32.ActiveCfg = Release|Win32
		{39908193-8E5A-42EC-B71B-5D457CE87823}.Release|Win32.Build.0 = Release|Win32
		{CCFB350D-BD04-41AB-A9F8-79767E94727E}.Debug|Any CPU.ActiveCfg = Debug|Any CPU
		{CCFB350D-BD04-41AB-A9F8-79767E94727E}.Debug|Any CPU.Build.0 = Debug|Any CPU
		{CCFB350D-BD04-41AB-A9F8-79767E94727E}.Debug|Mixed Platforms.ActiveCfg = Debug|Any CPU
		{CCFB350D-BD04-41AB-A9F8-79767E94727E}.Debug|Mixed Platforms.Build.0 = Debug|Any CPU
		{CCFB350D-BD04-41AB-A9F8-79767E94727E}.Debug|Win32.ActiveCfg = Debug|Any CPU
		{CCFB350D-BD04-41AB-A9F8-79767E94727E}.Release|Any CPU.ActiveCfg = Release|Any CPU
		{CCFB350D-BD04-41AB-A9F8-79767E94727E}.Release|Any CPU.Build.0 = Release|Any CPU
		{CCFB350D-BD04-41AB-A9F8-79767E94727E}.Release|Mixed Platforms.ActiveCfg = Release|Any CPU
		{CCFB350D-BD04-41AB-A9F8-79767E94727E}.Release|Mixed Platforms.Build.0 = Release|Any CPU
		{CCFB350D-BD04-41AB-A9F8-79767E94727E}.Release|Win32.ActiveCfg = Release|Any CPU
		{D5E69763-0993-45C1-88F2-8B3A1FE97CCC}.Debug|Any CPU.ActiveCfg = Debug|Any CPU
		{D5E69763-0993-45C1-88F2-8B3A1FE97CCC}.Debug|Any CPU.Build.0 = Debug|Any CPU
		{D5E69763-0993-45C1-88F2-8B3A1FE97CCC}.Debug|Mixed Platforms.ActiveCfg = Debug|Any CPU
		{D5E69763-0993-45C1-88F2-8B3A1FE97CCC}.Debug|Mixed Platforms.Build.0 = Debug|Any CPU
		{D5E69763-0993-45C1-88F2-8B3A1FE97CCC}.Debug|Win32.ActiveCfg = Debug|Any CPU
		{D5E69763-0993-45C1-88F2-8B3A1FE97CCC}.Release|Any CPU.ActiveCfg = Release|Any CPU
		{D5E69763-0993-45C1-88F2-8B3A1FE97CCC}.Release|Any CPU.Build.0 = Release|Any CPU
		{D5E69763-0993-45C1-88F2-8B3A1FE97CCC}.Release|Mixed Platforms.ActiveCfg = Release|Any CPU
		{D5E69763-0993-45C1-88F2-8B3A1FE97CCC}.Release|Mixed Platforms.Build.0 = Release|Any CPU
		{D5E69763-0993-45C1-88F2-8B3A1FE97CCC}.Release|Win32.ActiveCfg = Release|Any CPU
		{85511133-0FA6-4669-8B67-2920E8DA8F79}.Debug|Any CPU.ActiveCfg = Debug|Any CPU
		{85511133-0FA6-4669-8B67-2920E8DA8F79}.Debug|Any CPU.Build.0 = Debug|Any CPU
		{85511133-0FA6-4669-8B67-2920E8DA8F79}.Debug|Mixed Platforms.ActiveCfg = Debug|Any CPU
		{85511133-0FA6-4669-8B67-2920E8DA8F79}.Debug|Mixed Platforms.Build.0 = Debug|Any CPU
		{85511133-0FA6-4669-8B67-2920E8DA8F79}.Debug|Win32.ActiveCfg = Debug|Any CPU
		{85511133-0FA6-4669-8B67-2920E8DA8F79}.Release|Any CPU.ActiveCfg = Release|Any CPU
		{85511133-0FA6-4669-8B67-2920E8DA8F79}.Release|Any CPU.Build.0 = Release|Any CPU
		{85511133-0FA6-4669-8B67-2920E8DA8F79}.Release|Mixed Platforms.ActiveCfg = Release|Any CPU
		{85511133-0FA6-4669-8B67-2920E8DA8F79}.Release|Mixed Platforms.Build.0 = Release|Any CPU
		{85511133-0FA6-4669-8B67-2920E8DA8F79}.Release|Win32.ActiveCfg = Release|Any CPU
		{CBDFB3B3-AC12-4F21-A059-4768044A24D1}.Debug|Any CPU.ActiveCfg = Debug|Any CPU
		{CBDFB3B3-AC12-4F21-A059-4768044A24D1}.Debug|Any CPU.Build.0 = Debug|Any CPU
		{CBDFB3B3-AC12-4F21-A059-4768044A24D1}.Debug|Mixed Platforms.ActiveCfg = Debug|Any CPU
		{CBDFB3B3-AC12-4F21-A059-4768044A24D1}.Debug|Mixed Platforms.Build.0 = Debug|Any CPU
		{CBDFB3B3-AC12-4F21-A059-4768044A24D1}.Debug|Win32.ActiveCfg = Debug|Any CPU
		{CBDFB3B3-AC12-4F21-A059-4768044A24D1}.Release|Any CPU.ActiveCfg = Release|Any CPU
		{CBDFB3B3-AC12-4F21-A059-4768044A24D1}.Release|Any CPU.Build.0 = Release|Any CPU
		{CBDFB3B3-AC12-4F21-A059-4768044A24D1}.Release|Mixed Platforms.ActiveCfg = Release|Any CPU
		{CBDFB3B3-AC12-4F21-A059-4768044A24D1}.Release|Mixed Platforms.Build.0 = Release|Any CPU
		{CBDFB3B3-AC12-4F21-A059-4768044A24D1}.Release|Win32.ActiveCfg = Release|Any CPU
	EndGlobalSection
	GlobalSection(SolutionProperties) = preSolution
		HideSolutionNode = FALSE
	EndGlobalSection
	GlobalSection(NestedProjects) = preSolution
		{39908193-8E5A-42EC-B71B-5D457CE87823} = {685A353F-FB6A-4D33-80EA-D57F0AA6D703}
		{CCFB350D-BD04-41AB-A9F8-79767E94727E} = {685A353F-FB6A-4D33-80EA-D57F0AA6D703}
		{D5E69763-0993-45C1-88F2-8B3A1FE97CCC} = {666B51C5-EA54-4BF0-962E-73DD954D3FD8}
		{85511133-0FA6-4669-8B67-2920E8DA8F79} = {666B51C5-EA54-4BF0-962E-73DD954D3FD8}
		{CBDFB3B3-AC12-4F21-A059-4768044A24D1} = {666B51C5-EA54-4BF0-962E-73DD954D3FD8}
	EndGlobalSection
EndGlobal
